{
  "name": "test-project",
  "version": "0.0.1",
  "lockfileVersion": 2,
  "requires": true,
  "packages": {
    "": {
      "name": "test-project",
      "version": "0.0.1",
      "license": "MIT",
      "dependencies": {
        "nanopop": "^2.2.0"
      },
      "devDependencies": {
        "@stencil/core": "3.2.0"
      }
    },
    "node_modules/@stencil/core": {
      "version": "3.2.0",
      "resolved": "https://registry.npmjs.org/@stencil/core/-/core-3.2.0.tgz",
      "integrity": "sha512-vAZiHg4h6hZn4GP6P4w/d7qJwovW0xroitVAn/Ay0rUOeMHqMDYTX5jq0Vy/bgKactKam5WL/to50esGe6lDUQ==",
      "dev": true,
      "license": "MIT",
      "bin": {
        "stencil": "bin/stencil"
      },
      "engines": {
        "node": ">=14.10.0",
        "npm": ">=6.0.0"
      }
    },
    "node_modules/nanopop": {
      "version": "2.2.0",
      "resolved": "https://registry.npmjs.org/nanopop/-/nanopop-2.2.0.tgz",
      "integrity": "sha512-E9JaHcxh3ere8/BEZHAcnuD10RluTSPyTToBvoFWS9/7DcCx6gyKjbn7M7Bx7E1veCxCuY1iO6h4+gdAf1j73Q=="
    }
  },
  "dependencies": {
    "@stencil/core": {
      "version": "3.2.0",
      "resolved": "https://registry.npmjs.org/@stencil/core/-/core-3.2.0.tgz",
      "integrity": "sha512-vAZiHg4h6hZn4GP6P4w/d7qJwovW0xroitVAn/Ay0rUOeMHqMDYTX5jq0Vy/bgKactKam5WL/to50esGe6lDUQ==",
      "dev": true
    },
    "nanopop": {
      "version": "2.2.0",
      "resolved": "https://registry.npmjs.org/nanopop/-/nanopop-2.2.0.tgz",
      "integrity": "sha512-E9JaHcxh3ere8/BEZHAcnuD10RluTSPyTToBvoFWS9/7DcCx6gyKjbn7M7Bx7E1veCxCuY1iO6h4+gdAf1j73Q=="
    }
  }
}
